// !$*UTF8*$!
{
	archiveVersion = 1;
	classes = {
	};
	objectVersion = 46;
	objects = {

/* Begin PBXBuildFile section */
		22F248F51BE4EBD600A0FC95 /* AppDelegate.swift in Sources */ = {isa = PBXBuildFile; fileRef = 22F248F41BE4EBD600A0FC95 /* AppDelegate.swift */; };
		22F248F71BE4EBD600A0FC95 /* ViewController.swift in Sources */ = {isa = PBXBuildFile; fileRef = 22F248F61BE4EBD600A0FC95 /* ViewController.swift */; };
		22F248FA1BE4EBD600A0FC95 /* Main.storyboard in Resources */ = {isa = PBXBuildFile; fileRef = 22F248F81BE4EBD600A0FC95 /* Main.storyboard */; };
		22F248FC1BE4EBD600A0FC95 /* Assets.xcassets in Resources */ = {isa = PBXBuildFile; fileRef = 22F248FB1BE4EBD600A0FC95 /* Assets.xcassets */; };
		22F248FF1BE4EBD600A0FC95 /* LaunchScreen.storyboard in Resources */ = {isa = PBXBuildFile; fileRef = 22F248FD1BE4EBD600A0FC95 /* LaunchScreen.storyboard */; };
		22F249071BE4F34C00A0FC95 /* CustomCell.swift in Sources */ = {isa = PBXBuildFile; fileRef = 22F249061BE4F34C00A0FC95 /* CustomCell.swift */; };
/* End PBXBuildFile section */

/* Begin PBXFileReference section */
		22F248F11BE4EBD600A0FC95 /* Selections.app */ = {isa = PBXFileReference; explicitFileType = wrapper.application; includeInIndex = 0; path = Selections.app; sourceTree = BUILT_PRODUCTS_DIR; };
		22F248F41BE4EBD600A0FC95 /* AppDelegate.swift */ = {isa = PBXFileReference; lastKnownFileType = sourcecode.swift; path = AppDelegate.swift; sourceTree = "<group>"; };
		22F248F61BE4EBD600A0FC95 /* ViewController.swift */ = {isa = PBXFileReference; lastKnownFileType = sourcecode.swift; path = ViewController.swift; sourceTree = "<group>"; };
		22F248F91BE4EBD600A0FC95 /* Base */ = {isa = PBXFileReference; lastKnownFileType = file.storyboard; name = Base; path = Base.lproj/Main.storyboard; sourceTree = "<group>"; };
		22F248FB1BE4EBD600A0FC95 /* Assets.xcassets */ = {isa = PBXFileReference; lastKnownFileType = folder.assetcatalog; path = Assets.xcassets; sourceTree = "<group>"; };
		22F248FE1BE4EBD600A0FC95 /* Base */ = {isa = PBXFileReference; lastKnownFileType = file.storyboard; name = Base; path = Base.lproj/LaunchScreen.storyboard; sourceTree = "<group>"; };
		22F249001BE4EBD600A0FC95 /* Info.plist */ = {isa = PBXFileReference; lastKnownFileType = text.plist.xml; path = Info.plist; sourceTree = "<group>"; };
		22F249061BE4F34C00A0FC95 /* CustomCell.swift */ = {isa = PBXFileReference; fileEncoding = 4; lastKnownFileType = sourcecode.swift; path = CustomCell.swift; sourceTree = "<group>"; };
/* End PBXFileReference section */

/* Begin PBXFrameworksBuildPhase section */
		22F248EE1BE4EBD600A0FC95 /* Frameworks */ = {
			isa = PBXFrameworksBuildPhase;
			buildActionMask = 2147483647;
			files = (
			);
			runOnlyForDeploymentPostprocessing = 0;
		};
/* End PBXFrameworksBuildPhase section */

/* Begin PBXGroup section */
		22F248E81BE4EBD600A0FC95 = {
			isa = PBXGroup;
			children = (
				22F248F31BE4EBD600A0FC95 /* Selections */,
				22F248F21BE4EBD600A0FC95 /* Products */,
			);
			sourceTree = "<group>";
		};
		22F248F21BE4EBD600A0FC95 /* Products */ = {
			isa = PBXGroup;
			children = (
				22F248F11BE4EBD600A0FC95 /* Selections.app */,
			);
			name = Products;
			sourceTree = "<group>";
		};
		22F248F31BE4EBD600A0FC95 /* Selections */ = {
			isa = PBXGroup;
			children = (
				22F248F41BE4EBD600A0FC95 /* AppDelegate.swift */,
				22F248F61BE4EBD600A0FC95 /* ViewController.swift */,
				22F248F81BE4EBD600A0FC95 /* Main.storyboard */,
				22F248FB1BE4EBD600A0FC95 /* Assets.xcassets */,
				22F248FD1BE4EBD600A0FC95 /* LaunchScreen.storyboard */,
				22F249001BE4EBD600A0FC95 /* Info.plist */,
				22F249061BE4F34C00A0FC95 /* CustomCell.swift */,
			);
			path = Selections;
			sourceTree = "<group>";
		};
/* End PBXGroup section */

/* Begin PBXNativeTarget section */
		22F248F01BE4EBD600A0FC95 /* Selections */ = {
			isa = PBXNativeTarget;
			buildConfigurationList = 22F249031BE4EBD600A0FC95 /* Build configuration list for PBXNativeTarget "Selections" */;
			buildPhases = (
				22F248ED1BE4EBD600A0FC95 /* Sources */,
				22F248EE1BE4EBD600A0FC95 /* Frameworks */,
				22F248EF1BE4EBD600A0FC95 /* Resources */,
			);
			buildRules = (
			);
			dependencies = (
			);
			name = Selections;
			productName = Selections;
			productReference = 22F248F11BE4EBD600A0FC95 /* Selections.app */;
			productType = "com.apple.product-type.application";
		};
/* End PBXNativeTarget section */

/* Begin PBXProject section */
		22F248E91BE4EBD600A0FC95 /* Project object */ = {
			isa = PBXProject;
			attributes = {
				LastSwiftUpdateCheck = 0710;
				LastUpgradeCheck = 0710;
				ORGANIZATIONNAME = "Tim Duckett";
				TargetAttributes = {
					22F248F01BE4EBD600A0FC95 = {
						CreatedOnToolsVersion = 7.1;
					};
				};
			};
			buildConfigurationList = 22F248EC1BE4EBD600A0FC95 /* Build configuration list for PBXProject "Selections" */;
			compatibilityVersion = "Xcode 3.2";
			developmentRegion = English;
			hasScannedForEncodings = 0;
			knownRegions = (
				en,
				Base,
			);
			mainGroup = 22F248E81BE4EBD600A0FC95;
			productRefGroup = 22F248F21BE4EBD600A0FC95 /* Products */;
			projectDirPath = "";
			projectRoot = "";
			targets = (
				22F248F01BE4EBD600A0FC95 /* Selections */,
			);
		};
/* End PBXProject section */

/* Begin PBXResourcesBuildPhase section */
		22F248EF1BE4EBD600A0FC95 /* Resources */ = {
			isa = PBXResourcesBuildPhase;
			buildActionMask = 2147483647;
			files = (
				22F248FF1BE4EBD600A0FC95 /* LaunchScreen.storyboard in Resources */,
				22F248FC1BE4EBD600A0FC95 /* Assets.xcassets in Resources */,
				22F248FA1BE4EBD600A0FC95 /* Main.storyboard in Resources */,
			);
			runOnlyForDeploymentPostprocessing = 0;
		};
/* End PBXResourcesBuildPhase section */

/* Begin PBXSourcesBuildPhase section */
		22F248ED1BE4EBD600A0FC95 /* Sources */ = {
			isa = PBXSourcesBuildPhase;
			buildActionMask = 2147483647;
			files = (
				22F248F71BE4EBD600A0FC95 /* ViewController.swift in Sources */,
				22F249071BE4F34C00A0FC95 /* CustomCell.swift in Sources */,
				22F248F51BE4EBD600A0FC95 /* AppDelegate.swift in Sources */,
			);
			runOnlyForDeploymentPostprocessing = 0;
		};
/* End PBXSourcesBuildPhase section */

/* Begin PBXVariantGroup section */
		22F248F81BE4EBD600A0FC95 /* Main.storyboard */ = {
			isa = PBXVariantGroup;
			children = (
				22F248F91BE4EBD600A0FC95 /* Base */,
			);
			name = Main.storyboard;
			sourceTree = "<group>";
		};
		22F248FD1BE4EBD600A0FC95 /* LaunchScreen.storyboard */ = {
			isa = PBXVariantGroup;
			children = (
				22F248FE1BE4EBD600A0FC95 /* Base */,
			);
			name = LaunchScreen.storyboard;
			sourceTree = "<group>";
		};
/* End PBXVariantGroup section */

/* Begin XCBuildConfiguration section */
		22F249011BE4EBD600A0FC95 /* Debug */ = {
			isa = XCBuildConfiguration;
			buildSettings = {
				ALWAYS_SEARCH_USER_PATHS = NO;
				CLANG_CXX_LANGUAGE_STANDARD = "gnu++0x";
				CLANG_CXX_LIBRARY = "libc++";
				CLANG_ENABLE_MODULES = YES;
				CLANG_ENABLE_OBJC_ARC = YES;
				CLANG_WARN_BOOL_CONVERSION = YES;
				CLANG_WARN_CONSTANT_CONVERSION = YES;
				CLANG_WARN_DIRECT_OBJC_ISA_USAGE = YES_ERROR;
				CLANG_WARN_EMPTY_BODY = YES;
				CLANG_WARN_ENUM_CONVERSION = YES;
				CLANG_WARN_INT_CONVERSION = YES;
				CLANG_WARN_OBJC_ROOT_CLASS = YES_ERROR;
				CLANG_WARN_UNREACHABLE_CODE = YES;
				CLANG_WARN__DUPLICATE_METHOD_MATCH = YES;
				"CODE_SIGN_IDENTITY[sdk=iphoneos*]" = "iPhone Developer";
				COPY_PHASE_STRIP = NO;
				DEBUG_INFORMATION_FORMAT = dwarf;
				ENABLE_STRICT_OBJC_MSGSEND = YES;
				ENABLE_TESTABILITY = YES;
				GCC_C_LANGUAGE_STANDARD = gnu99;
				GCC_DYNAMIC_NO_PIC = NO;
				GCC_NO_COMMON_BLOCKS = YES;
				GCC_OPTIMIZATION_LEVEL = 0;
				GCC_PREPROCESSOR_DEFINITIONS = (
					"DEBUG=1",
					"$(inherited)",
				);
				GCC_WARN_64_TO_32_BIT_CONVERSION = YES;
				GCC_WARN_ABOUT_RETURN_TYPE = YES_ERROR;
				GCC_WARN_UNDECLARED_SELECTOR = YES;
				GCC_WARN_UNINITIALIZED_AUTOS = YES_AGGRESSIVE;
				GCC_WARN_UNUSED_FUNCTION = YES;
				GCC_WARN_UNUSED_VARIABLE = YES;
				IPHONEOS_DEPLOYMENT_TARGET = 9.1;
				MTL_ENABLE_DEBUG_INFO = YES;
				ONLY_ACTIVE_ARCH = YES;
				SDKROOT = iphoneos;
				SWIFT_OPTIMIZATION_LEVEL = "-Onone";
				TARGETED_DEVICE_FAMILY = "1,2";
			};
			name = Debug;
		};
		22F249021BE4EBD600A0FC95 /* Release */ = {
			isa = XCBuildConfiguration;
			buildSettings = {
				ALWAYS_SEARCH_USER_PATHS = NO;
				CLANG_CXX_LANGUAGE_STANDARD = "gnu++0x";
				CLANG_CXX_LIBRARY = "libc++";
				CLANG_ENABLE_MODULES = YES;
				CLANG_ENABLE_OBJC_ARC = YES;
				CLANG_WARN_BOOL_CONVERSION = YES;
				CLANG_WARN_CONSTANT_CONVERSION = YES;
				CLANG_WARN_DIRECT_OBJC_ISA_USAGE = YES_ERROR;
				CLANG_WARN_EMPTY_BODY = YES;
				CLANG_WARN_ENUM_CONVERSION = YES;
				CLANG_WARN_INT_CONVERSION = YES;
				CLANG_WARN_OBJC_ROOT_CLASS = YES_ERROR;
				CLANG_WARN_UNREACHABLE_CODE = YES;
				CLANG_WARN__DUPLICATE_METHOD_MATCH = YES;
				"CODE_SIGN_IDENTITY[sdk=iphoneos*]" = "iPhone Developer";
				COPY_PHASE_STRIP = NO;
				DEBUG_INFORMATION_FORMAT = "dwarf-with-dsym";
				ENABLE_NS_ASSERTIONS = NO;
				ENABLE_STRICT_OBJC_MSGSEND = YES;
				GCC_C_LANGUAGE_STANDARD = gnu99;
				GCC_NO_COMMON_BLOCKS = YES;
				GCC_WARN_64_TO_32_BIT_CONVERSION = YES;
				GCC_WARN_ABOUT_RETURN_TYPE = YES_ERROR;
				GCC_WARN_UNDECLARED_SELECTOR = YES;
				GCC_WARN_UNINITIALIZED_AUTOS = YES_AGGRESSIVE;
				GCC_WARN_UNUSED_FUNCTION = YES;
				GCC_WARN_UNUSED_VARIABLE = YES;
				IPHONEOS_DEPLOYMENT_TARGET = 9.1;
				MTL_ENABLE_DEBUG_INFO = NO;
				SDKROOT = iphoneos;
				TARGETED_DEVICE_FAMILY = "1,2";
				VALIDATE_PRODUCT = YES;
			};
			name = Release;
		};
		22F249041BE4EBD600A0FC95 /* Debug */ = {
			isa = XCBuildConfiguration;
			buildSettings = {
				ASSETCATALOG_COMPILER_APPICON_NAME = AppIcon;
				INFOPLIST_FILE = Selections/Info.plist;
				LD_RUNPATH_SEARCH_PATHS = "$(inherited) @executable_path/Frameworks";
				PRODUCT_BUNDLE_IDENTIFIER = de.duckett.Selections;
				PRODUCT_NAME = "$(TARGET_NAME)";
			};
			name = Debug;
		};
		22F249051BE4EBD600A0FC95 /* Release */ = {
			isa = XCBuildConfiguration;
			buildSettings = {
				ASSETCATALOG_COMPILER_APPICON_NAME = AppIcon;
				INFOPLIST_FILE = Selections/Info.plist;
				LD_RUNPATH_SEARCH_PATHS = "$(inherited) @executable_path/Frameworks";
				PRODUCT_BUNDLE_IDENTIFIER = de.duckett.Selections;
				PRODUCT_NAME = "$(TARGET_NAME)";
			};
			name = Release;
		};
/* End XCBuildConfiguration section */

/* Begin XCConfigurationList section */
		22F248EC1BE4EBD600A0FC95 /* Build configuration list for PBXProject "Selections" */ = {
			isa = XCConfigurationList;
			buildConfigurations = (
				22F249011BE4EBD600A0FC95 /* Debug */,
				22F249021BE4EBD600A0FC95 /* Release */,
			);
			defaultConfigurationIsVisible = 0;
			defaultConfigurationName = Release;
		};
		22F249031BE4EBD600A0FC95 /* Build configuration list for PBXNativeTarget "Selections" */ = {
			isa = XCConfigurationList;
			buildConfigurations = (
				22F249041BE4EBD600A0FC95 /* Debug */,
				22F249051BE4EBD600A0FC95 /* Release */,
			);
			defaultConfigurationIsVisible = 0;
			defaultConfigurationName = Release;
		};
/* End XCConfigurationList section */
	};
	rootObject = 22F248E91BE4EBD600A0FC95 /* Project object */;
}
