// !$*UTF8*$!
{
	archiveVersion = 1;
	classes = {
	};
	objectVersion = 46;
	objects = {

/* Begin PBXBuildFile section */
		225BED4D1BEDF75100272E69 /* AppDelegate.swift in Sources */ = {isa = PBXBuildFile; fileRef = 225BED4C1BEDF75100272E69 /* AppDelegate.swift */; };
		225BED4F1BEDF75100272E69 /* ViewController.swift in Sources */ = {isa = PBXBuildFile; fileRef = 225BED4E1BEDF75100272E69 /* ViewController.swift */; };
		225BED521BEDF75100272E69 /* Main.storyboard in Resources */ = {isa = PBXBuildFile; fileRef = 225BED501BEDF75100272E69 /* Main.storyboard */; };
		225BED541BEDF75100272E69 /* Assets.xcassets in Resources */ = {isa = PBXBuildFile; fileRef = 225BED531BEDF75100272E69 /* Assets.xcassets */; };
		225BED571BEDF75200272E69 /* LaunchScreen.storyboard in Resources */ = {isa = PBXBuildFile; fileRef = 225BED551BEDF75200272E69 /* LaunchScreen.storyboard */; };
/* End PBXBuildFile section */

/* Begin PBXFileReference section */
		225BED491BEDF75100272E69 /* InCellTV.app */ = {isa = PBXFileReference; explicitFileType = wrapper.application; includeInIndex = 0; path = InCellTV.app; sourceTree = BUILT_PRODUCTS_DIR; };
		225BED4C1BEDF75100272E69 /* AppDelegate.swift */ = {isa = PBXFileReference; lastKnownFileType = sourcecode.swift; path = AppDelegate.swift; sourceTree = "<group>"; };
		225BED4E1BEDF75100272E69 /* ViewController.swift */ = {isa = PBXFileReference; lastKnownFileType = sourcecode.swift; path = ViewController.swift; sourceTree = "<group>"; };
		225BED511BEDF75100272E69 /* Base */ = {isa = PBXFileReference; lastKnownFileType = file.storyboard; name = Base; path = Base.lproj/Main.storyboard; sourceTree = "<group>"; };
		225BED531BEDF75100272E69 /* Assets.xcassets */ = {isa = PBXFileReference; lastKnownFileType = folder.assetcatalog; path = Assets.xcassets; sourceTree = "<group>"; };
		225BED561BEDF75200272E69 /* Base */ = {isa = PBXFileReference; lastKnownFileType = file.storyboard; name = Base; path = Base.lproj/LaunchScreen.storyboard; sourceTree = "<group>"; };
		225BED581BEDF75200272E69 /* Info.plist */ = {isa = PBXFileReference; lastKnownFileType = text.plist.xml; path = Info.plist; sourceTree = "<group>"; };
/* End PBXFileReference section */

/* Begin PBXFrameworksBuildPhase section */
		225BED461BEDF75100272E69 /* Frameworks */ = {
			isa = PBXFrameworksBuildPhase;
			buildActionMask = 2147483647;
			files = (
			);
			runOnlyForDeploymentPostprocessing = 0;
		};
/* End PBXFrameworksBuildPhase section */

/* Begin PBXGroup section */
		225BED401BEDF75100272E69 = {
			isa = PBXGroup;
			children = (
				225BED4B1BEDF75100272E69 /* InCellTV */,
				225BED4A1BEDF75100272E69 /* Products */,
			);
			sourceTree = "<group>";
		};
		225BED4A1BEDF75100272E69 /* Products */ = {
			isa = PBXGroup;
			children = (
				225BED491BEDF75100272E69 /* InCellTV.app */,
			);
			name = Products;
			sourceTree = "<group>";
		};
		225BED4B1BEDF75100272E69 /* InCellTV */ = {
			isa = PBXGroup;
			children = (
				225BED4C1BEDF75100272E69 /* AppDelegate.swift */,
				225BED4E1BEDF75100272E69 /* ViewController.swift */,
				225BED501BEDF75100272E69 /* Main.storyboard */,
				225BED531BEDF75100272E69 /* Assets.xcassets */,
				225BED551BEDF75200272E69 /* LaunchScreen.storyboard */,
				225BED581BEDF75200272E69 /* Info.plist */,
			);
			path = InCellTV;
			sourceTree = "<group>";
		};
/* End PBXGroup section */

/* Begin PBXNativeTarget section */
		225BED481BEDF75100272E69 /* InCellTV */ = {
			isa = PBXNativeTarget;
			buildConfigurationList = 225BED5B1BEDF75200272E69 /* Build configuration list for PBXNativeTarget "InCellTV" */;
			buildPhases = (
				225BED451BEDF75100272E69 /* Sources */,
				225BED461BEDF75100272E69 /* Frameworks */,
				225BED471BEDF75100272E69 /* Resources */,
			);
			buildRules = (
			);
			dependencies = (
			);
			name = InCellTV;
			productName = InCellTV;
			productReference = 225BED491BEDF75100272E69 /* InCellTV.app */;
			productType = "com.apple.product-type.application";
		};
/* End PBXNativeTarget section */

/* Begin PBXProject section */
		225BED411BEDF75100272E69 /* Project object */ = {
			isa = PBXProject;
			attributes = {
				LastSwiftUpdateCheck = 0710;
				LastUpgradeCheck = 0710;
				ORGANIZATIONNAME = "Tim Duckett";
				TargetAttributes = {
					225BED481BEDF75100272E69 = {
						CreatedOnToolsVersion = 7.1;
					};
				};
			};
			buildConfigurationList = 225BED441BEDF75100272E69 /* Build configuration list for PBXProject "InCellTV" */;
			compatibilityVersion = "Xcode 3.2";
			developmentRegion = English;
			hasScannedForEncodings = 0;
			knownRegions = (
				en,
				Base,
			);
			mainGroup = 225BED401BEDF75100272E69;
			productRefGroup = 225BED4A1BEDF75100272E69 /* Products */;
			projectDirPath = "";
			projectRoot = "";
			targets = (
				225BED481BEDF75100272E69 /* InCellTV */,
			);
		};
/* End PBXProject section */

/* Begin PBXResourcesBuildPhase section */
		225BED471BEDF75100272E69 /* Resources */ = {
			isa = PBXResourcesBuildPhase;
			buildActionMask = 2147483647;
			files = (
				225BED571BEDF75200272E69 /* LaunchScreen.storyboard in Resources */,
				225BED541BEDF75100272E69 /* Assets.xcassets in Resources */,
				225BED521BEDF75100272E69 /* Main.storyboard in Resources */,
			);
			runOnlyForDeploymentPostprocessing = 0;
		};
/* End PBXResourcesBuildPhase section */

/* Begin PBXSourcesBuildPhase section */
		225BED451BEDF75100272E69 /* Sources */ = {
			isa = PBXSourcesBuildPhase;
			buildActionMask = 2147483647;
			files = (
				225BED4F1BEDF75100272E69 /* ViewController.swift in Sources */,
				225BED4D1BEDF75100272E69 /* AppDelegate.swift in Sources */,
			);
			runOnlyForDeploymentPostprocessing = 0;
		};
/* End PBXSourcesBuildPhase section */

/* Begin PBXVariantGroup section */
		225BED501BEDF75100272E69 /* Main.storyboard */ = {
			isa = PBXVariantGroup;
			children = (
				225BED511BEDF75100272E69 /* Base */,
			);
			name = Main.storyboard;
			sourceTree = "<group>";
		};
		225BED551BEDF75200272E69 /* LaunchScreen.storyboard */ = {
			isa = PBXVariantGroup;
			children = (
				225BED561BEDF75200272E69 /* Base */,
			);
			name = LaunchScreen.storyboard;
			sourceTree = "<group>";
		};
/* End PBXVariantGroup section */

/* Begin XCBuildConfiguration section */
		225BED591BEDF75200272E69 /* Debug */ = {
			isa = XCBuildConfiguration;
			buildSettings = {
				ALWAYS_SEARCH_USER_PATHS = NO;
				CLANG_CXX_LANGUAGE_STANDARD = "gnu++0x";
				CLANG_CXX_LIBRARY = "libc++";
				CLANG_ENABLE_MODULES = YES;
				CLANG_ENABLE_OBJC_ARC = YES;
				CLANG_WARN_BOOL_CONVERSION = YES;
				CLANG_WARN_CONSTANT_CONVERSION = YES;
				CLANG_WARN_DIRECT_OBJC_ISA_USAGE = YES_ERROR;
				CLANG_WARN_EMPTY_BODY = YES;
				CLANG_WARN_ENUM_CONVERSION = YES;
				CLANG_WARN_INT_CONVERSION = YES;
				CLANG_WARN_OBJC_ROOT_CLASS = YES_ERROR;
				CLANG_WARN_UNREACHABLE_CODE = YES;
				CLANG_WARN__DUPLICATE_METHOD_MATCH = YES;
				"CODE_SIGN_IDENTITY[sdk=iphoneos*]" = "iPhone Developer";
				COPY_PHASE_STRIP = NO;
				DEBUG_INFORMATION_FORMAT = dwarf;
				ENABLE_STRICT_OBJC_MSGSEND = YES;
				ENABLE_TESTABILITY = YES;
				GCC_C_LANGUAGE_STANDARD = gnu99;
				GCC_DYNAMIC_NO_PIC = NO;
				GCC_NO_COMMON_BLOCKS = YES;
				GCC_OPTIMIZATION_LEVEL = 0;
				GCC_PREPROCESSOR_DEFINITIONS = (
					"DEBUG=1",
					"$(inherited)",
				);
				GCC_WARN_64_TO_32_BIT_CONVERSION = YES;
				GCC_WARN_ABOUT_RETURN_TYPE = YES_ERROR;
				GCC_WARN_UNDECLARED_SELECTOR = YES;
				GCC_WARN_UNINITIALIZED_AUTOS = YES_AGGRESSIVE;
				GCC_WARN_UNUSED_FUNCTION = YES;
				GCC_WARN_UNUSED_VARIABLE = YES;
				IPHONEOS_DEPLOYMENT_TARGET = 9.1;
				MTL_ENABLE_DEBUG_INFO = YES;
				ONLY_ACTIVE_ARCH = YES;
				SDKROOT = iphoneos;
				SWIFT_OPTIMIZATION_LEVEL = "-Onone";
			};
			name = Debug;
		};
		225BED5A1BEDF75200272E69 /* Release */ = {
			isa = XCBuildConfiguration;
			buildSettings = {
				ALWAYS_SEARCH_USER_PATHS = NO;
				CLANG_CXX_LANGUAGE_STANDARD = "gnu++0x";
				CLANG_CXX_LIBRARY = "libc++";
				CLANG_ENABLE_MODULES = YES;
				CLANG_ENABLE_OBJC_ARC = YES;
				CLANG_WARN_BOOL_CONVERSION = YES;
				CLANG_WARN_CONSTANT_CONVERSION = YES;
				CLANG_WARN_DIRECT_OBJC_ISA_USAGE = YES_ERROR;
				CLANG_WARN_EMPTY_BODY = YES;
				CLANG_WARN_ENUM_CONVERSION = YES;
				CLANG_WARN_INT_CONVERSION = YES;
				CLANG_WARN_OBJC_ROOT_CLASS = YES_ERROR;
				CLANG_WARN_UNREACHABLE_CODE = YES;
				CLANG_WARN__DUPLICATE_METHOD_MATCH = YES;
				"CODE_SIGN_IDENTITY[sdk=iphoneos*]" = "iPhone Developer";
				COPY_PHASE_STRIP = NO;
				DEBUG_INFORMATION_FORMAT = "dwarf-with-dsym";
				ENABLE_NS_ASSERTIONS = NO;
				ENABLE_STRICT_OBJC_MSGSEND = YES;
				GCC_C_LANGUAGE_STANDARD = gnu99;
				GCC_NO_COMMON_BLOCKS = YES;
				GCC_WARN_64_TO_32_BIT_CONVERSION = YES;
				GCC_WARN_ABOUT_RETURN_TYPE = YES_ERROR;
				GCC_WARN_UNDECLARED_SELECTOR = YES;
				GCC_WARN_UNINITIALIZED_AUTOS = YES_AGGRESSIVE;
				GCC_WARN_UNUSED_FUNCTION = YES;
				GCC_WARN_UNUSED_VARIABLE = YES;
				IPHONEOS_DEPLOYMENT_TARGET = 9.1;
				MTL_ENABLE_DEBUG_INFO = NO;
				SDKROOT = iphoneos;
				VALIDATE_PRODUCT = YES;
			};
			name = Release;
		};
		225BED5C1BEDF75200272E69 /* Debug */ = {
			isa = XCBuildConfiguration;
			buildSettings = {
				ASSETCATALOG_COMPILER_APPICON_NAME = AppIcon;
				INFOPLIST_FILE = InCellTV/Info.plist;
				LD_RUNPATH_SEARCH_PATHS = "$(inherited) @executable_path/Frameworks";
				PRODUCT_BUNDLE_IDENTIFIER = de.duckett.InCellTV;
				PRODUCT_NAME = "$(TARGET_NAME)";
			};
			name = Debug;
		};
		225BED5D1BEDF75200272E69 /* Release */ = {
			isa = XCBuildConfiguration;
			buildSettings = {
				ASSETCATALOG_COMPILER_APPICON_NAME = AppIcon;
				INFOPLIST_FILE = InCellTV/Info.plist;
				LD_RUNPATH_SEARCH_PATHS = "$(inherited) @executable_path/Frameworks";
				PRODUCT_BUNDLE_IDENTIFIER = de.duckett.InCellTV;
				PRODUCT_NAME = "$(TARGET_NAME)";
			};
			name = Release;
		};
/* End XCBuildConfiguration section */

/* Begin XCConfigurationList section */
		225BED441BEDF75100272E69 /* Build configuration list for PBXProject "InCellTV" */ = {
			isa = XCConfigurationList;
			buildConfigurations = (
				225BED591BEDF75200272E69 /* Debug */,
				225BED5A1BEDF75200272E69 /* Release */,
			);
			defaultConfigurationIsVisible = 0;
			defaultConfigurationName = Release;
		};
		225BED5B1BEDF75200272E69 /* Build configuration list for PBXNativeTarget "InCellTV" */ = {
			isa = XCConfigurationList;
			buildConfigurations = (
				225BED5C1BEDF75200272E69 /* Debug */,
				225BED5D1BEDF75200272E69 /* Release */,
			);
			defaultConfigurationIsVisible = 0;
		};
/* End XCConfigurationList section */
	};
	rootObject = 225BED411BEDF75100272E69 /* Project object */;
}
