// !$*UTF8*$!
{
	archiveVersion = 1;
	classes = {
	};
	objectVersion = 46;
	objects = {

/* Begin PBXBuildFile section */
		22745E9E1C6775610030A45C /* AppDelegate.swift in Sources */ = {isa = PBXBuildFile; fileRef = 22745E9D1C6775610030A45C /* AppDelegate.swift */; };
		22745EA01C6775610030A45C /* ViewController.swift in Sources */ = {isa = PBXBuildFile; fileRef = 22745E9F1C6775610030A45C /* ViewController.swift */; };
		22745EA31C6775610030A45C /* Main.storyboard in Resources */ = {isa = PBXBuildFile; fileRef = 22745EA11C6775610030A45C /* Main.storyboard */; };
		22745EA51C6775610030A45C /* Assets.xcassets in Resources */ = {isa = PBXBuildFile; fileRef = 22745EA41C6775610030A45C /* Assets.xcassets */; };
		22745EA81C6775610030A45C /* LaunchScreen.storyboard in Resources */ = {isa = PBXBuildFile; fileRef = 22745EA61C6775610030A45C /* LaunchScreen.storyboard */; };
/* End PBXBuildFile section */

/* Begin PBXFileReference section */
		22745E9A1C6775610030A45C /* StaticCells.app */ = {isa = PBXFileReference; explicitFileType = wrapper.application; includeInIndex = 0; path = StaticCells.app; sourceTree = BUILT_PRODUCTS_DIR; };
		22745E9D1C6775610030A45C /* AppDelegate.swift */ = {isa = PBXFileReference; lastKnownFileType = sourcecode.swift; path = AppDelegate.swift; sourceTree = "<group>"; };
		22745E9F1C6775610030A45C /* ViewController.swift */ = {isa = PBXFileReference; lastKnownFileType = sourcecode.swift; path = ViewController.swift; sourceTree = "<group>"; };
		22745EA21C6775610030A45C /* Base */ = {isa = PBXFileReference; lastKnownFileType = file.storyboard; name = Base; path = Base.lproj/Main.storyboard; sourceTree = "<group>"; };
		22745EA41C6775610030A45C /* Assets.xcassets */ = {isa = PBXFileReference; lastKnownFileType = folder.assetcatalog; path = Assets.xcassets; sourceTree = "<group>"; };
		22745EA71C6775610030A45C /* Base */ = {isa = PBXFileReference; lastKnownFileType = file.storyboard; name = Base; path = Base.lproj/LaunchScreen.storyboard; sourceTree = "<group>"; };
		22745EA91C6775610030A45C /* Info.plist */ = {isa = PBXFileReference; lastKnownFileType = text.plist.xml; path = Info.plist; sourceTree = "<group>"; };
/* End PBXFileReference section */

/* Begin PBXFrameworksBuildPhase section */
		22745E971C6775610030A45C /* Frameworks */ = {
			isa = PBXFrameworksBuildPhase;
			buildActionMask = 2147483647;
			files = (
			);
			runOnlyForDeploymentPostprocessing = 0;
		};
/* End PBXFrameworksBuildPhase section */

/* Begin PBXGroup section */
		22745E911C6775610030A45C = {
			isa = PBXGroup;
			children = (
				22745E9C1C6775610030A45C /* StaticCells */,
				22745E9B1C6775610030A45C /* Products */,
			);
			sourceTree = "<group>";
		};
		22745E9B1C6775610030A45C /* Products */ = {
			isa = PBXGroup;
			children = (
				22745E9A1C6775610030A45C /* StaticCells.app */,
			);
			name = Products;
			sourceTree = "<group>";
		};
		22745E9C1C6775610030A45C /* StaticCells */ = {
			isa = PBXGroup;
			children = (
				22745E9D1C6775610030A45C /* AppDelegate.swift */,
				22745E9F1C6775610030A45C /* ViewController.swift */,
				22745EA11C6775610030A45C /* Main.storyboard */,
				22745EA41C6775610030A45C /* Assets.xcassets */,
				22745EA61C6775610030A45C /* LaunchScreen.storyboard */,
				22745EA91C6775610030A45C /* Info.plist */,
			);
			path = StaticCells;
			sourceTree = "<group>";
		};
/* End PBXGroup section */

/* Begin PBXNativeTarget section */
		22745E991C6775610030A45C /* StaticCells */ = {
			isa = PBXNativeTarget;
			buildConfigurationList = 22745EAC1C6775610030A45C /* Build configuration list for PBXNativeTarget "StaticCells" */;
			buildPhases = (
				22745E961C6775610030A45C /* Sources */,
				22745E971C6775610030A45C /* Frameworks */,
				22745E981C6775610030A45C /* Resources */,
			);
			buildRules = (
			);
			dependencies = (
			);
			name = StaticCells;
			productName = StaticCells;
			productReference = 22745E9A1C6775610030A45C /* StaticCells.app */;
			productType = "com.apple.product-type.application";
		};
/* End PBXNativeTarget section */

/* Begin PBXProject section */
		22745E921C6775610030A45C /* Project object */ = {
			isa = PBXProject;
			attributes = {
				LastSwiftUpdateCheck = 0710;
				LastUpgradeCheck = 0710;
				ORGANIZATIONNAME = "Tim Duckett";
				TargetAttributes = {
					22745E991C6775610030A45C = {
						CreatedOnToolsVersion = 7.1;
					};
				};
			};
			buildConfigurationList = 22745E951C6775610030A45C /* Build configuration list for PBXProject "StaticCells" */;
			compatibilityVersion = "Xcode 3.2";
			developmentRegion = English;
			hasScannedForEncodings = 0;
			knownRegions = (
				en,
				Base,
			);
			mainGroup = 22745E911C6775610030A45C;
			productRefGroup = 22745E9B1C6775610030A45C /* Products */;
			projectDirPath = "";
			projectRoot = "";
			targets = (
				22745E991C6775610030A45C /* StaticCells */,
			);
		};
/* End PBXProject section */

/* Begin PBXResourcesBuildPhase section */
		22745E981C6775610030A45C /* Resources */ = {
			isa = PBXResourcesBuildPhase;
			buildActionMask = 2147483647;
			files = (
				22745EA81C6775610030A45C /* LaunchScreen.storyboard in Resources */,
				22745EA51C6775610030A45C /* Assets.xcassets in Resources */,
				22745EA31C6775610030A45C /* Main.storyboard in Resources */,
			);
			runOnlyForDeploymentPostprocessing = 0;
		};
/* End PBXResourcesBuildPhase section */

/* Begin PBXSourcesBuildPhase section */
		22745E961C6775610030A45C /* Sources */ = {
			isa = PBXSourcesBuildPhase;
			buildActionMask = 2147483647;
			files = (
				22745EA01C6775610030A45C /* ViewController.swift in Sources */,
				22745E9E1C6775610030A45C /* AppDelegate.swift in Sources */,
			);
			runOnlyForDeploymentPostprocessing = 0;
		};
/* End PBXSourcesBuildPhase section */

/* Begin PBXVariantGroup section */
		22745EA11C6775610030A45C /* Main.storyboard */ = {
			isa = PBXVariantGroup;
			children = (
				22745EA21C6775610030A45C /* Base */,
			);
			name = Main.storyboard;
			sourceTree = "<group>";
		};
		22745EA61C6775610030A45C /* LaunchScreen.storyboard */ = {
			isa = PBXVariantGroup;
			children = (
				22745EA71C6775610030A45C /* Base */,
			);
			name = LaunchScreen.storyboard;
			sourceTree = "<group>";
		};
/* End PBXVariantGroup section */

/* Begin XCBuildConfiguration section */
		22745EAA1C6775610030A45C /* Debug */ = {
			isa = XCBuildConfiguration;
			buildSettings = {
				ALWAYS_SEARCH_USER_PATHS = NO;
				CLANG_CXX_LANGUAGE_STANDARD = "gnu++0x";
				CLANG_CXX_LIBRARY = "libc++";
				CLANG_ENABLE_MODULES = YES;
				CLANG_ENABLE_OBJC_ARC = YES;
				CLANG_WARN_BOOL_CONVERSION = YES;
				CLANG_WARN_CONSTANT_CONVERSION = YES;
				CLANG_WARN_DIRECT_OBJC_ISA_USAGE = YES_ERROR;
				CLANG_WARN_EMPTY_BODY = YES;
				CLANG_WARN_ENUM_CONVERSION = YES;
				CLANG_WARN_INT_CONVERSION = YES;
				CLANG_WARN_OBJC_ROOT_CLASS = YES_ERROR;
				CLANG_WARN_UNREACHABLE_CODE = YES;
				CLANG_WARN__DUPLICATE_METHOD_MATCH = YES;
				"CODE_SIGN_IDENTITY[sdk=iphoneos*]" = "iPhone Developer";
				COPY_PHASE_STRIP = NO;
				DEBUG_INFORMATION_FORMAT = dwarf;
				ENABLE_STRICT_OBJC_MSGSEND = YES;
				ENABLE_TESTABILITY = YES;
				GCC_C_LANGUAGE_STANDARD = gnu99;
				GCC_DYNAMIC_NO_PIC = NO;
				GCC_NO_COMMON_BLOCKS = YES;
				GCC_OPTIMIZATION_LEVEL = 0;
				GCC_PREPROCESSOR_DEFINITIONS = (
					"DEBUG=1",
					"$(inherited)",
				);
				GCC_WARN_64_TO_32_BIT_CONVERSION = YES;
				GCC_WARN_ABOUT_RETURN_TYPE = YES_ERROR;
				GCC_WARN_UNDECLARED_SELECTOR = YES;
				GCC_WARN_UNINITIALIZED_AUTOS = YES_AGGRESSIVE;
				GCC_WARN_UNUSED_FUNCTION = YES;
				GCC_WARN_UNUSED_VARIABLE = YES;
				IPHONEOS_DEPLOYMENT_TARGET = 9.1;
				MTL_ENABLE_DEBUG_INFO = YES;
				ONLY_ACTIVE_ARCH = YES;
				SDKROOT = iphoneos;
				SWIFT_OPTIMIZATION_LEVEL = "-Onone";
				TARGETED_DEVICE_FAMILY = "1,2";
			};
			name = Debug;
		};
		22745EAB1C6775610030A45C /* Release */ = {
			isa = XCBuildConfiguration;
			buildSettings = {
				ALWAYS_SEARCH_USER_PATHS = NO;
				CLANG_CXX_LANGUAGE_STANDARD = "gnu++0x";
				CLANG_CXX_LIBRARY = "libc++";
				CLANG_ENABLE_MODULES = YES;
				CLANG_ENABLE_OBJC_ARC = YES;
				CLANG_WARN_BOOL_CONVERSION = YES;
				CLANG_WARN_CONSTANT_CONVERSION = YES;
				CLANG_WARN_DIRECT_OBJC_ISA_USAGE = YES_ERROR;
				CLANG_WARN_EMPTY_BODY = YES;
				CLANG_WARN_ENUM_CONVERSION = YES;
				CLANG_WARN_INT_CONVERSION = YES;
				CLANG_WARN_OBJC_ROOT_CLASS = YES_ERROR;
				CLANG_WARN_UNREACHABLE_CODE = YES;
				CLANG_WARN__DUPLICATE_METHOD_MATCH = YES;
				"CODE_SIGN_IDENTITY[sdk=iphoneos*]" = "iPhone Developer";
				COPY_PHASE_STRIP = NO;
				DEBUG_INFORMATION_FORMAT = "dwarf-with-dsym";
				ENABLE_NS_ASSERTIONS = NO;
				ENABLE_STRICT_OBJC_MSGSEND = YES;
				GCC_C_LANGUAGE_STANDARD = gnu99;
				GCC_NO_COMMON_BLOCKS = YES;
				GCC_WARN_64_TO_32_BIT_CONVERSION = YES;
				GCC_WARN_ABOUT_RETURN_TYPE = YES_ERROR;
				GCC_WARN_UNDECLARED_SELECTOR = YES;
				GCC_WARN_UNINITIALIZED_AUTOS = YES_AGGRESSIVE;
				GCC_WARN_UNUSED_FUNCTION = YES;
				GCC_WARN_UNUSED_VARIABLE = YES;
				IPHONEOS_DEPLOYMENT_TARGET = 9.1;
				MTL_ENABLE_DEBUG_INFO = NO;
				SDKROOT = iphoneos;
				TARGETED_DEVICE_FAMILY = "1,2";
				VALIDATE_PRODUCT = YES;
			};
			name = Release;
		};
		22745EAD1C6775610030A45C /* Debug */ = {
			isa = XCBuildConfiguration;
			buildSettings = {
				ASSETCATALOG_COMPILER_APPICON_NAME = AppIcon;
				INFOPLIST_FILE = StaticCells/Info.plist;
				LD_RUNPATH_SEARCH_PATHS = "$(inherited) @executable_path/Frameworks";
				PRODUCT_BUNDLE_IDENTIFIER = de.duckett.StaticCells;
				PRODUCT_NAME = "$(TARGET_NAME)";
			};
			name = Debug;
		};
		22745EAE1C6775610030A45C /* Release */ = {
			isa = XCBuildConfiguration;
			buildSettings = {
				ASSETCATALOG_COMPILER_APPICON_NAME = AppIcon;
				INFOPLIST_FILE = StaticCells/Info.plist;
				LD_RUNPATH_SEARCH_PATHS = "$(inherited) @executable_path/Frameworks";
				PRODUCT_BUNDLE_IDENTIFIER = de.duckett.StaticCells;
				PRODUCT_NAME = "$(TARGET_NAME)";
			};
			name = Release;
		};
/* End XCBuildConfiguration section */

/* Begin XCConfigurationList section */
		22745E951C6775610030A45C /* Build configuration list for PBXProject "StaticCells" */ = {
			isa = XCConfigurationList;
			buildConfigurations = (
				22745EAA1C6775610030A45C /* Debug */,
				22745EAB1C6775610030A45C /* Release */,
			);
			defaultConfigurationIsVisible = 0;
			defaultConfigurationName = Release;
		};
		22745EAC1C6775610030A45C /* Build configuration list for PBXNativeTarget "StaticCells" */ = {
			isa = XCConfigurationList;
			buildConfigurations = (
				22745EAD1C6775610030A45C /* Debug */,
				22745EAE1C6775610030A45C /* Release */,
			);
			defaultConfigurationIsVisible = 0;
		};
/* End XCConfigurationList section */
	};
	rootObject = 22745E921C6775610030A45C /* Project object */;
}
