// !$*UTF8*$!
{
	archiveVersion = 1;
	classes = {
	};
	objectVersion = 46;
	objects = {

/* Begin PBXBuildFile section */
		22B364BA1BE683A700341DDF /* CustomActionsViewController.swift in Sources */ = {isa = PBXBuildFile; fileRef = 22B364B91BE683A700341DDF /* CustomActionsViewController.swift */; };
		22F638D71BE6255C00C57CEA /* AppDelegate.swift in Sources */ = {isa = PBXBuildFile; fileRef = 22F638D61BE6255C00C57CEA /* AppDelegate.swift */; };
		22F638D91BE6255C00C57CEA /* ViewController.swift in Sources */ = {isa = PBXBuildFile; fileRef = 22F638D81BE6255C00C57CEA /* ViewController.swift */; };
		22F638DC1BE6255C00C57CEA /* Main.storyboard in Resources */ = {isa = PBXBuildFile; fileRef = 22F638DA1BE6255C00C57CEA /* Main.storyboard */; };
		22F638DE1BE6255C00C57CEA /* Assets.xcassets in Resources */ = {isa = PBXBuildFile; fileRef = 22F638DD1BE6255C00C57CEA /* Assets.xcassets */; };
		22F638E11BE6255C00C57CEA /* LaunchScreen.storyboard in Resources */ = {isa = PBXBuildFile; fileRef = 22F638DF1BE6255C00C57CEA /* LaunchScreen.storyboard */; };
/* End PBXBuildFile section */

/* Begin PBXFileReference section */
		22B364B91BE683A700341DDF /* CustomActionsViewController.swift */ = {isa = PBXFileReference; fileEncoding = 4; lastKnownFileType = sourcecode.swift; path = CustomActionsViewController.swift; sourceTree = "<group>"; };
		22F638D31BE6255C00C57CEA /* EditingApp.app */ = {isa = PBXFileReference; explicitFileType = wrapper.application; includeInIndex = 0; path = EditingApp.app; sourceTree = BUILT_PRODUCTS_DIR; };
		22F638D61BE6255C00C57CEA /* AppDelegate.swift */ = {isa = PBXFileReference; lastKnownFileType = sourcecode.swift; path = AppDelegate.swift; sourceTree = "<group>"; };
		22F638D81BE6255C00C57CEA /* ViewController.swift */ = {isa = PBXFileReference; lastKnownFileType = sourcecode.swift; path = ViewController.swift; sourceTree = "<group>"; };
		22F638DB1BE6255C00C57CEA /* Base */ = {isa = PBXFileReference; lastKnownFileType = file.storyboard; name = Base; path = Base.lproj/Main.storyboard; sourceTree = "<group>"; };
		22F638DD1BE6255C00C57CEA /* Assets.xcassets */ = {isa = PBXFileReference; lastKnownFileType = folder.assetcatalog; path = Assets.xcassets; sourceTree = "<group>"; };
		22F638E01BE6255C00C57CEA /* Base */ = {isa = PBXFileReference; lastKnownFileType = file.storyboard; name = Base; path = Base.lproj/LaunchScreen.storyboard; sourceTree = "<group>"; };
		22F638E21BE6255C00C57CEA /* Info.plist */ = {isa = PBXFileReference; lastKnownFileType = text.plist.xml; path = Info.plist; sourceTree = "<group>"; };
/* End PBXFileReference section */

/* Begin PBXFrameworksBuildPhase section */
		22F638D01BE6255C00C57CEA /* Frameworks */ = {
			isa = PBXFrameworksBuildPhase;
			buildActionMask = 2147483647;
			files = (
			);
			runOnlyForDeploymentPostprocessing = 0;
		};
/* End PBXFrameworksBuildPhase section */

/* Begin PBXGroup section */
		22F638CA1BE6255C00C57CEA = {
			isa = PBXGroup;
			children = (
				22F638D51BE6255C00C57CEA /* EditingApp */,
				22F638D41BE6255C00C57CEA /* Products */,
			);
			sourceTree = "<group>";
		};
		22F638D41BE6255C00C57CEA /* Products */ = {
			isa = PBXGroup;
			children = (
				22F638D31BE6255C00C57CEA /* EditingApp.app */,
			);
			name = Products;
			sourceTree = "<group>";
		};
		22F638D51BE6255C00C57CEA /* EditingApp */ = {
			isa = PBXGroup;
			children = (
				22F638D61BE6255C00C57CEA /* AppDelegate.swift */,
				22F638D81BE6255C00C57CEA /* ViewController.swift */,
				22B364B91BE683A700341DDF /* CustomActionsViewController.swift */,
				22F638DA1BE6255C00C57CEA /* Main.storyboard */,
				22F638DD1BE6255C00C57CEA /* Assets.xcassets */,
				22F638DF1BE6255C00C57CEA /* LaunchScreen.storyboard */,
				22F638E21BE6255C00C57CEA /* Info.plist */,
			);
			path = EditingApp;
			sourceTree = "<group>";
		};
/* End PBXGroup section */

/* Begin PBXNativeTarget section */
		22F638D21BE6255C00C57CEA /* EditingApp */ = {
			isa = PBXNativeTarget;
			buildConfigurationList = 22F638E51BE6255C00C57CEA /* Build configuration list for PBXNativeTarget "EditingApp" */;
			buildPhases = (
				22F638CF1BE6255C00C57CEA /* Sources */,
				22F638D01BE6255C00C57CEA /* Frameworks */,
				22F638D11BE6255C00C57CEA /* Resources */,
			);
			buildRules = (
			);
			dependencies = (
			);
			name = EditingApp;
			productName = EditingApp;
			productReference = 22F638D31BE6255C00C57CEA /* EditingApp.app */;
			productType = "com.apple.product-type.application";
		};
/* End PBXNativeTarget section */

/* Begin PBXProject section */
		22F638CB1BE6255C00C57CEA /* Project object */ = {
			isa = PBXProject;
			attributes = {
				LastSwiftUpdateCheck = 0710;
				LastUpgradeCheck = 0710;
				ORGANIZATIONNAME = "Tim Duckett";
				TargetAttributes = {
					22F638D21BE6255C00C57CEA = {
						CreatedOnToolsVersion = 7.1;
					};
				};
			};
			buildConfigurationList = 22F638CE1BE6255C00C57CEA /* Build configuration list for PBXProject "EditingApp" */;
			compatibilityVersion = "Xcode 3.2";
			developmentRegion = English;
			hasScannedForEncodings = 0;
			knownRegions = (
				en,
				Base,
			);
			mainGroup = 22F638CA1BE6255C00C57CEA;
			productRefGroup = 22F638D41BE6255C00C57CEA /* Products */;
			projectDirPath = "";
			projectRoot = "";
			targets = (
				22F638D21BE6255C00C57CEA /* EditingApp */,
			);
		};
/* End PBXProject section */

/* Begin PBXResourcesBuildPhase section */
		22F638D11BE6255C00C57CEA /* Resources */ = {
			isa = PBXResourcesBuildPhase;
			buildActionMask = 2147483647;
			files = (
				22F638E11BE6255C00C57CEA /* LaunchScreen.storyboard in Resources */,
				22F638DE1BE6255C00C57CEA /* Assets.xcassets in Resources */,
				22F638DC1BE6255C00C57CEA /* Main.storyboard in Resources */,
			);
			runOnlyForDeploymentPostprocessing = 0;
		};
/* End PBXResourcesBuildPhase section */

/* Begin PBXSourcesBuildPhase section */
		22F638CF1BE6255C00C57CEA /* Sources */ = {
			isa = PBXSourcesBuildPhase;
			buildActionMask = 2147483647;
			files = (
				22F638D91BE6255C00C57CEA /* ViewController.swift in Sources */,
				22F638D71BE6255C00C57CEA /* AppDelegate.swift in Sources */,
				22B364BA1BE683A700341DDF /* CustomActionsViewController.swift in Sources */,
			);
			runOnlyForDeploymentPostprocessing = 0;
		};
/* End PBXSourcesBuildPhase section */

/* Begin PBXVariantGroup section */
		22F638DA1BE6255C00C57CEA /* Main.storyboard */ = {
			isa = PBXVariantGroup;
			children = (
				22F638DB1BE6255C00C57CEA /* Base */,
			);
			name = Main.storyboard;
			sourceTree = "<group>";
		};
		22F638DF1BE6255C00C57CEA /* LaunchScreen.storyboard */ = {
			isa = PBXVariantGroup;
			children = (
				22F638E01BE6255C00C57CEA /* Base */,
			);
			name = LaunchScreen.storyboard;
			sourceTree = "<group>";
		};
/* End PBXVariantGroup section */

/* Begin XCBuildConfiguration section */
		22F638E31BE6255C00C57CEA /* Debug */ = {
			isa = XCBuildConfiguration;
			buildSettings = {
				ALWAYS_SEARCH_USER_PATHS = NO;
				CLANG_CXX_LANGUAGE_STANDARD = "gnu++0x";
				CLANG_CXX_LIBRARY = "libc++";
				CLANG_ENABLE_MODULES = YES;
				CLANG_ENABLE_OBJC_ARC = YES;
				CLANG_WARN_BOOL_CONVERSION = YES;
				CLANG_WARN_CONSTANT_CONVERSION = YES;
				CLANG_WARN_DIRECT_OBJC_ISA_USAGE = YES_ERROR;
				CLANG_WARN_EMPTY_BODY = YES;
				CLANG_WARN_ENUM_CONVERSION = YES;
				CLANG_WARN_INT_CONVERSION = YES;
				CLANG_WARN_OBJC_ROOT_CLASS = YES_ERROR;
				CLANG_WARN_UNREACHABLE_CODE = YES;
				CLANG_WARN__DUPLICATE_METHOD_MATCH = YES;
				"CODE_SIGN_IDENTITY[sdk=iphoneos*]" = "iPhone Developer";
				COPY_PHASE_STRIP = NO;
				DEBUG_INFORMATION_FORMAT = dwarf;
				ENABLE_STRICT_OBJC_MSGSEND = YES;
				ENABLE_TESTABILITY = YES;
				GCC_C_LANGUAGE_STANDARD = gnu99;
				GCC_DYNAMIC_NO_PIC = NO;
				GCC_NO_COMMON_BLOCKS = YES;
				GCC_OPTIMIZATION_LEVEL = 0;
				GCC_PREPROCESSOR_DEFINITIONS = (
					"DEBUG=1",
					"$(inherited)",
				);
				GCC_WARN_64_TO_32_BIT_CONVERSION = YES;
				GCC_WARN_ABOUT_RETURN_TYPE = YES_ERROR;
				GCC_WARN_UNDECLARED_SELECTOR = YES;
				GCC_WARN_UNINITIALIZED_AUTOS = YES_AGGRESSIVE;
				GCC_WARN_UNUSED_FUNCTION = YES;
				GCC_WARN_UNUSED_VARIABLE = YES;
				IPHONEOS_DEPLOYMENT_TARGET = 9.1;
				MTL_ENABLE_DEBUG_INFO = YES;
				ONLY_ACTIVE_ARCH = YES;
				SDKROOT = iphoneos;
				SWIFT_OPTIMIZATION_LEVEL = "-Onone";
			};
			name = Debug;
		};
		22F638E41BE6255C00C57CEA /* Release */ = {
			isa = XCBuildConfiguration;
			buildSettings = {
				ALWAYS_SEARCH_USER_PATHS = NO;
				CLANG_CXX_LANGUAGE_STANDARD = "gnu++0x";
				CLANG_CXX_LIBRARY = "libc++";
				CLANG_ENABLE_MODULES = YES;
				CLANG_ENABLE_OBJC_ARC = YES;
				CLANG_WARN_BOOL_CONVERSION = YES;
				CLANG_WARN_CONSTANT_CONVERSION = YES;
				CLANG_WARN_DIRECT_OBJC_ISA_USAGE = YES_ERROR;
				CLANG_WARN_EMPTY_BODY = YES;
				CLANG_WARN_ENUM_CONVERSION = YES;
				CLANG_WARN_INT_CONVERSION = YES;
				CLANG_WARN_OBJC_ROOT_CLASS = YES_ERROR;
				CLANG_WARN_UNREACHABLE_CODE = YES;
				CLANG_WARN__DUPLICATE_METHOD_MATCH = YES;
				"CODE_SIGN_IDENTITY[sdk=iphoneos*]" = "iPhone Developer";
				COPY_PHASE_STRIP = NO;
				DEBUG_INFORMATION_FORMAT = "dwarf-with-dsym";
				ENABLE_NS_ASSERTIONS = NO;
				ENABLE_STRICT_OBJC_MSGSEND = YES;
				GCC_C_LANGUAGE_STANDARD = gnu99;
				GCC_NO_COMMON_BLOCKS = YES;
				GCC_WARN_64_TO_32_BIT_CONVERSION = YES;
				GCC_WARN_ABOUT_RETURN_TYPE = YES_ERROR;
				GCC_WARN_UNDECLARED_SELECTOR = YES;
				GCC_WARN_UNINITIALIZED_AUTOS = YES_AGGRESSIVE;
				GCC_WARN_UNUSED_FUNCTION = YES;
				GCC_WARN_UNUSED_VARIABLE = YES;
				IPHONEOS_DEPLOYMENT_TARGET = 9.1;
				MTL_ENABLE_DEBUG_INFO = NO;
				SDKROOT = iphoneos;
				VALIDATE_PRODUCT = YES;
			};
			name = Release;
		};
		22F638E61BE6255C00C57CEA /* Debug */ = {
			isa = XCBuildConfiguration;
			buildSettings = {
				ASSETCATALOG_COMPILER_APPICON_NAME = AppIcon;
				INFOPLIST_FILE = EditingApp/Info.plist;
				LD_RUNPATH_SEARCH_PATHS = "$(inherited) @executable_path/Frameworks";
				PRODUCT_BUNDLE_IDENTIFIER = de.duckett.EditingApp;
				PRODUCT_NAME = "$(TARGET_NAME)";
			};
			name = Debug;
		};
		22F638E71BE6255C00C57CEA /* Release */ = {
			isa = XCBuildConfiguration;
			buildSettings = {
				ASSETCATALOG_COMPILER_APPICON_NAME = AppIcon;
				INFOPLIST_FILE = EditingApp/Info.plist;
				LD_RUNPATH_SEARCH_PATHS = "$(inherited) @executable_path/Frameworks";
				PRODUCT_BUNDLE_IDENTIFIER = de.duckett.EditingApp;
				PRODUCT_NAME = "$(TARGET_NAME)";
			};
			name = Release;
		};
/* End XCBuildConfiguration section */

/* Begin XCConfigurationList section */
		22F638CE1BE6255C00C57CEA /* Build configuration list for PBXProject "EditingApp" */ = {
			isa = XCConfigurationList;
			buildConfigurations = (
				22F638E31BE6255C00C57CEA /* Debug */,
				22F638E41BE6255C00C57CEA /* Release */,
			);
			defaultConfigurationIsVisible = 0;
			defaultConfigurationName = Release;
		};
		22F638E51BE6255C00C57CEA /* Build configuration list for PBXNativeTarget "EditingApp" */ = {
			isa = XCConfigurationList;
			buildConfigurations = (
				22F638E61BE6255C00C57CEA /* Debug */,
				22F638E71BE6255C00C57CEA /* Release */,
			);
			defaultConfigurationIsVisible = 0;
			defaultConfigurationName = Release;
		};
/* End XCConfigurationList section */
	};
	rootObject = 22F638CB1BE6255C00C57CEA /* Project object */;
}
