// !$*UTF8*$!
{
	archiveVersion = 1;
	classes = {
	};
	objectVersion = 46;
	objects = {

/* Begin PBXBuildFile section */
		228CA2281BD3DC2F00DD36EA /* AppDelegate.swift in Sources */ = {isa = PBXBuildFile; fileRef = 228CA2271BD3DC2F00DD36EA /* AppDelegate.swift */; };
		228CA22D1BD3DC2F00DD36EA /* Main.storyboard in Resources */ = {isa = PBXBuildFile; fileRef = 228CA22B1BD3DC2F00DD36EA /* Main.storyboard */; };
		228CA22F1BD3DC2F00DD36EA /* Assets.xcassets in Resources */ = {isa = PBXBuildFile; fileRef = 228CA22E1BD3DC2F00DD36EA /* Assets.xcassets */; };
		228CA2321BD3DC2F00DD36EA /* LaunchScreen.storyboard in Resources */ = {isa = PBXBuildFile; fileRef = 228CA2301BD3DC2F00DD36EA /* LaunchScreen.storyboard */; };
		228CA23A1BD3DD8E00DD36EA /* TableViewController.swift in Sources */ = {isa = PBXBuildFile; fileRef = 228CA2391BD3DD8E00DD36EA /* TableViewController.swift */; };
		228CA23C1BD3DE8200DD36EA /* TableCustomCell.xib in Resources */ = {isa = PBXBuildFile; fileRef = 228CA23B1BD3DE8200DD36EA /* TableCustomCell.xib */; };
/* End PBXBuildFile section */

/* Begin PBXFileReference section */
		228CA2241BD3DC2F00DD36EA /* TableView.app */ = {isa = PBXFileReference; explicitFileType = wrapper.application; includeInIndex = 0; path = TableView.app; sourceTree = BUILT_PRODUCTS_DIR; };
		228CA2271BD3DC2F00DD36EA /* AppDelegate.swift */ = {isa = PBXFileReference; lastKnownFileType = sourcecode.swift; path = AppDelegate.swift; sourceTree = "<group>"; };
		228CA22C1BD3DC2F00DD36EA /* Base */ = {isa = PBXFileReference; lastKnownFileType = file.storyboard; name = Base; path = Base.lproj/Main.storyboard; sourceTree = "<group>"; };
		228CA22E1BD3DC2F00DD36EA /* Assets.xcassets */ = {isa = PBXFileReference; lastKnownFileType = folder.assetcatalog; path = Assets.xcassets; sourceTree = "<group>"; };
		228CA2311BD3DC2F00DD36EA /* Base */ = {isa = PBXFileReference; lastKnownFileType = file.storyboard; name = Base; path = Base.lproj/LaunchScreen.storyboard; sourceTree = "<group>"; };
		228CA2331BD3DC2F00DD36EA /* Info.plist */ = {isa = PBXFileReference; lastKnownFileType = text.plist.xml; path = Info.plist; sourceTree = "<group>"; };
		228CA2391BD3DD8E00DD36EA /* TableViewController.swift */ = {isa = PBXFileReference; fileEncoding = 4; lastKnownFileType = sourcecode.swift; path = TableViewController.swift; sourceTree = "<group>"; };
		228CA23B1BD3DE8200DD36EA /* TableCustomCell.xib */ = {isa = PBXFileReference; fileEncoding = 4; lastKnownFileType = file.xib; path = TableCustomCell.xib; sourceTree = "<group>"; };
/* End PBXFileReference section */

/* Begin PBXFrameworksBuildPhase section */
		228CA2211BD3DC2F00DD36EA /* Frameworks */ = {
			isa = PBXFrameworksBuildPhase;
			buildActionMask = 2147483647;
			files = (
			);
			runOnlyForDeploymentPostprocessing = 0;
		};
/* End PBXFrameworksBuildPhase section */

/* Begin PBXGroup section */
		228CA21B1BD3DC2F00DD36EA = {
			isa = PBXGroup;
			children = (
				228CA2261BD3DC2F00DD36EA /* TableView */,
				228CA2251BD3DC2F00DD36EA /* Products */,
			);
			sourceTree = "<group>";
		};
		228CA2251BD3DC2F00DD36EA /* Products */ = {
			isa = PBXGroup;
			children = (
				228CA2241BD3DC2F00DD36EA /* TableView.app */,
			);
			name = Products;
			sourceTree = "<group>";
		};
		228CA2261BD3DC2F00DD36EA /* TableView */ = {
			isa = PBXGroup;
			children = (
				228CA2271BD3DC2F00DD36EA /* AppDelegate.swift */,
				228CA22B1BD3DC2F00DD36EA /* Main.storyboard */,
				228CA22E1BD3DC2F00DD36EA /* Assets.xcassets */,
				228CA2301BD3DC2F00DD36EA /* LaunchScreen.storyboard */,
				228CA2331BD3DC2F00DD36EA /* Info.plist */,
				228CA2391BD3DD8E00DD36EA /* TableViewController.swift */,
				228CA23B1BD3DE8200DD36EA /* TableCustomCell.xib */,
			);
			path = TableView;
			sourceTree = "<group>";
		};
/* End PBXGroup section */

/* Begin PBXNativeTarget section */
		228CA2231BD3DC2F00DD36EA /* TableView */ = {
			isa = PBXNativeTarget;
			buildConfigurationList = 228CA2361BD3DC2F00DD36EA /* Build configuration list for PBXNativeTarget "TableView" */;
			buildPhases = (
				228CA2201BD3DC2F00DD36EA /* Sources */,
				228CA2211BD3DC2F00DD36EA /* Frameworks */,
				228CA2221BD3DC2F00DD36EA /* Resources */,
			);
			buildRules = (
			);
			dependencies = (
			);
			name = TableView;
			productName = TableView;
			productReference = 228CA2241BD3DC2F00DD36EA /* TableView.app */;
			productType = "com.apple.product-type.application";
		};
/* End PBXNativeTarget section */

/* Begin PBXProject section */
		228CA21C1BD3DC2F00DD36EA /* Project object */ = {
			isa = PBXProject;
			attributes = {
				LastUpgradeCheck = 0700;
				ORGANIZATIONNAME = "Tim Duckett";
				TargetAttributes = {
					228CA2231BD3DC2F00DD36EA = {
						CreatedOnToolsVersion = 7.0.1;
					};
				};
			};
			buildConfigurationList = 228CA21F1BD3DC2F00DD36EA /* Build configuration list for PBXProject "TableView" */;
			compatibilityVersion = "Xcode 3.2";
			developmentRegion = English;
			hasScannedForEncodings = 0;
			knownRegions = (
				en,
				Base,
			);
			mainGroup = 228CA21B1BD3DC2F00DD36EA;
			productRefGroup = 228CA2251BD3DC2F00DD36EA /* Products */;
			projectDirPath = "";
			projectRoot = "";
			targets = (
				228CA2231BD3DC2F00DD36EA /* TableView */,
			);
		};
/* End PBXProject section */

/* Begin PBXResourcesBuildPhase section */
		228CA2221BD3DC2F00DD36EA /* Resources */ = {
			isa = PBXResourcesBuildPhase;
			buildActionMask = 2147483647;
			files = (
				228CA2321BD3DC2F00DD36EA /* LaunchScreen.storyboard in Resources */,
				228CA22F1BD3DC2F00DD36EA /* Assets.xcassets in Resources */,
				228CA23C1BD3DE8200DD36EA /* TableCustomCell.xib in Resources */,
				228CA22D1BD3DC2F00DD36EA /* Main.storyboard in Resources */,
			);
			runOnlyForDeploymentPostprocessing = 0;
		};
/* End PBXResourcesBuildPhase section */

/* Begin PBXSourcesBuildPhase section */
		228CA2201BD3DC2F00DD36EA /* Sources */ = {
			isa = PBXSourcesBuildPhase;
			buildActionMask = 2147483647;
			files = (
				228CA2281BD3DC2F00DD36EA /* AppDelegate.swift in Sources */,
				228CA23A1BD3DD8E00DD36EA /* TableViewController.swift in Sources */,
			);
			runOnlyForDeploymentPostprocessing = 0;
		};
/* End PBXSourcesBuildPhase section */

/* Begin PBXVariantGroup section */
		228CA22B1BD3DC2F00DD36EA /* Main.storyboard */ = {
			isa = PBXVariantGroup;
			children = (
				228CA22C1BD3DC2F00DD36EA /* Base */,
			);
			name = Main.storyboard;
			sourceTree = "<group>";
		};
		228CA2301BD3DC2F00DD36EA /* LaunchScreen.storyboard */ = {
			isa = PBXVariantGroup;
			children = (
				228CA2311BD3DC2F00DD36EA /* Base */,
			);
			name = LaunchScreen.storyboard;
			sourceTree = "<group>";
		};
/* End PBXVariantGroup section */

/* Begin XCBuildConfiguration section */
		228CA2341BD3DC2F00DD36EA /* Debug */ = {
			isa = XCBuildConfiguration;
			buildSettings = {
				ALWAYS_SEARCH_USER_PATHS = NO;
				CLANG_CXX_LANGUAGE_STANDARD = "gnu++0x";
				CLANG_CXX_LIBRARY = "libc++";
				CLANG_ENABLE_MODULES = YES;
				CLANG_ENABLE_OBJC_ARC = YES;
				CLANG_WARN_BOOL_CONVERSION = YES;
				CLANG_WARN_CONSTANT_CONVERSION = YES;
				CLANG_WARN_DIRECT_OBJC_ISA_USAGE = YES_ERROR;
				CLANG_WARN_EMPTY_BODY = YES;
				CLANG_WARN_ENUM_CONVERSION = YES;
				CLANG_WARN_INT_CONVERSION = YES;
				CLANG_WARN_OBJC_ROOT_CLASS = YES_ERROR;
				CLANG_WARN_UNREACHABLE_CODE = YES;
				CLANG_WARN__DUPLICATE_METHOD_MATCH = YES;
				"CODE_SIGN_IDENTITY[sdk=iphoneos*]" = "iPhone Developer";
				COPY_PHASE_STRIP = NO;
				DEBUG_INFORMATION_FORMAT = dwarf;
				ENABLE_STRICT_OBJC_MSGSEND = YES;
				ENABLE_TESTABILITY = YES;
				GCC_C_LANGUAGE_STANDARD = gnu99;
				GCC_DYNAMIC_NO_PIC = NO;
				GCC_NO_COMMON_BLOCKS = YES;
				GCC_OPTIMIZATION_LEVEL = 0;
				GCC_PREPROCESSOR_DEFINITIONS = (
					"DEBUG=1",
					"$(inherited)",
				);
				GCC_WARN_64_TO_32_BIT_CONVERSION = YES;
				GCC_WARN_ABOUT_RETURN_TYPE = YES_ERROR;
				GCC_WARN_UNDECLARED_SELECTOR = YES;
				GCC_WARN_UNINITIALIZED_AUTOS = YES_AGGRESSIVE;
				GCC_WARN_UNUSED_FUNCTION = YES;
				GCC_WARN_UNUSED_VARIABLE = YES;
				IPHONEOS_DEPLOYMENT_TARGET = 9.0;
				MTL_ENABLE_DEBUG_INFO = YES;
				ONLY_ACTIVE_ARCH = YES;
				SDKROOT = iphoneos;
				SWIFT_OPTIMIZATION_LEVEL = "-Onone";
				TARGETED_DEVICE_FAMILY = "1,2";
			};
			name = Debug;
		};
		228CA2351BD3DC2F00DD36EA /* Release */ = {
			isa = XCBuildConfiguration;
			buildSettings = {
				ALWAYS_SEARCH_USER_PATHS = NO;
				CLANG_CXX_LANGUAGE_STANDARD = "gnu++0x";
				CLANG_CXX_LIBRARY = "libc++";
				CLANG_ENABLE_MODULES = YES;
				CLANG_ENABLE_OBJC_ARC = YES;
				CLANG_WARN_BOOL_CONVERSION = YES;
				CLANG_WARN_CONSTANT_CONVERSION = YES;
				CLANG_WARN_DIRECT_OBJC_ISA_USAGE = YES_ERROR;
				CLANG_WARN_EMPTY_BODY = YES;
				CLANG_WARN_ENUM_CONVERSION = YES;
				CLANG_WARN_INT_CONVERSION = YES;
				CLANG_WARN_OBJC_ROOT_CLASS = YES_ERROR;
				CLANG_WARN_UNREACHABLE_CODE = YES;
				CLANG_WARN__DUPLICATE_METHOD_MATCH = YES;
				"CODE_SIGN_IDENTITY[sdk=iphoneos*]" = "iPhone Developer";
				COPY_PHASE_STRIP = NO;
				DEBUG_INFORMATION_FORMAT = "dwarf-with-dsym";
				ENABLE_NS_ASSERTIONS = NO;
				ENABLE_STRICT_OBJC_MSGSEND = YES;
				GCC_C_LANGUAGE_STANDARD = gnu99;
				GCC_NO_COMMON_BLOCKS = YES;
				GCC_WARN_64_TO_32_BIT_CONVERSION = YES;
				GCC_WARN_ABOUT_RETURN_TYPE = YES_ERROR;
				GCC_WARN_UNDECLARED_SELECTOR = YES;
				GCC_WARN_UNINITIALIZED_AUTOS = YES_AGGRESSIVE;
				GCC_WARN_UNUSED_FUNCTION = YES;
				GCC_WARN_UNUSED_VARIABLE = YES;
				IPHONEOS_DEPLOYMENT_TARGET = 9.0;
				MTL_ENABLE_DEBUG_INFO = NO;
				SDKROOT = iphoneos;
				TARGETED_DEVICE_FAMILY = "1,2";
				VALIDATE_PRODUCT = YES;
			};
			name = Release;
		};
		228CA2371BD3DC2F00DD36EA /* Debug */ = {
			isa = XCBuildConfiguration;
			buildSettings = {
				ASSETCATALOG_COMPILER_APPICON_NAME = AppIcon;
				INFOPLIST_FILE = TableView/Info.plist;
				LD_RUNPATH_SEARCH_PATHS = "$(inherited) @executable_path/Frameworks";
				PRODUCT_BUNDLE_IDENTIFIER = de.duckett.TableView;
				PRODUCT_NAME = "$(TARGET_NAME)";
			};
			name = Debug;
		};
		228CA2381BD3DC2F00DD36EA /* Release */ = {
			isa = XCBuildConfiguration;
			buildSettings = {
				ASSETCATALOG_COMPILER_APPICON_NAME = AppIcon;
				INFOPLIST_FILE = TableView/Info.plist;
				LD_RUNPATH_SEARCH_PATHS = "$(inherited) @executable_path/Frameworks";
				PRODUCT_BUNDLE_IDENTIFIER = de.duckett.TableView;
				PRODUCT_NAME = "$(TARGET_NAME)";
			};
			name = Release;
		};
/* End XCBuildConfiguration section */

/* Begin XCConfigurationList section */
		228CA21F1BD3DC2F00DD36EA /* Build configuration list for PBXProject "TableView" */ = {
			isa = XCConfigurationList;
			buildConfigurations = (
				228CA2341BD3DC2F00DD36EA /* Debug */,
				228CA2351BD3DC2F00DD36EA /* Release */,
			);
			defaultConfigurationIsVisible = 0;
			defaultConfigurationName = Release;
		};
		228CA2361BD3DC2F00DD36EA /* Build configuration list for PBXNativeTarget "TableView" */ = {
			isa = XCConfigurationList;
			buildConfigurations = (
				228CA2371BD3DC2F00DD36EA /* Debug */,
				228CA2381BD3DC2F00DD36EA /* Release */,
			);
			defaultConfigurationIsVisible = 0;
			defaultConfigurationName = Release;
		};
/* End XCConfigurationList section */
	};
	rootObject = 228CA21C1BD3DC2F00DD36EA /* Project object */;
}
